// !$*UTF8*$!
{
	archiveVersion = 1;
	classes = {
	};
	objectVersion = 56;
	objects = {

/* Begin PBXBuildFile section */
		6D7EA73F2BB82B43004B5CAA /* HikeApp.swift in Sources */ = {isa = PBXBuildFile; fileRef = 6D7EA73E2BB82B43004B5CAA /* HikeApp.swift */; };
		6D7EA7412BB82B43004B5CAA /* ContentView.swift in Sources */ = {isa = PBXBuildFile; fileRef = 6D7EA7402BB82B43004B5CAA /* ContentView.swift */; };
		6D7EA7432BB82B45004B5CAA /* Assets.xcassets in Resources */ = {isa = PBXBuildFile; fileRef = 6D7EA7422BB82B45004B5CAA /* Assets.xcassets */; };
		6D7EA7462BB82B45004B5CAA /* Preview Assets.xcassets in Resources */ = {isa = PBXBuildFile; fileRef = 6D7EA7452BB82B45004B5CAA /* Preview Assets.xcassets */; };
		6D7EA74D2BB82EB4004B5CAA /* CardView.swift in Sources */ = {isa = PBXBuildFile; fileRef = 6D7EA74C2BB82EB4004B5CAA /* CardView.swift */; };
		6D7EA7502BB830DB004B5CAA /* CustomBackgroundView.swift in Sources */ = {isa = PBXBuildFile; fileRef = 6D7EA74F2BB830DB004B5CAA /* CustomBackgroundView.swift */; };
		6D7EA7552BB833F7004B5CAA /* ColorExtension.swift in Sources */ = {isa = PBXBuildFile; fileRef = 6D7EA7542BB833F7004B5CAA /* ColorExtension.swift */; };
		6D7EA7592BB84425004B5CAA /* CustomButtonView.swift in Sources */ = {isa = PBXBuildFile; fileRef = 6D7EA7582BB84425004B5CAA /* CustomButtonView.swift */; };
		6D7EA75B2BB84C36004B5CAA /* GradientButtonStyle.swift in Sources */ = {isa = PBXBuildFile; fileRef = 6D7EA75A2BB84C36004B5CAA /* GradientButtonStyle.swift */; };
		6D7EA75D2BB8663C004B5CAA /* CustomCircleView.swift in Sources */ = {isa = PBXBuildFile; fileRef = 6D7EA75C2BB8663C004B5CAA /* CustomCircleView.swift */; };
		6D7EA75F2BB86A77004B5CAA /* MotionAnimationView.swift in Sources */ = {isa = PBXBuildFile; fileRef = 6D7EA75E2BB86A77004B5CAA /* MotionAnimationView.swift */; };
		6D7EA7622BB8771D004B5CAA /* SettingsView.swift in Sources */ = {isa = PBXBuildFile; fileRef = 6D7EA7612BB8771D004B5CAA /* SettingsView.swift */; };
		6D7EA7642BB885D8004B5CAA /* CustomListRowView.swift in Sources */ = {isa = PBXBuildFile; fileRef = 6D7EA7632BB885D8004B5CAA /* CustomListRowView.swift */; };
/* End PBXBuildFile section */

/* Begin PBXFileReference section */
		6D7EA73B2BB82B43004B5CAA /* Hike.app */ = {isa = PBXFileReference; explicitFileType = wrapper.application; includeInIndex = 0; path = Hike.app; sourceTree = BUILT_PRODUCTS_DIR; };
		6D7EA73E2BB82B43004B5CAA /* HikeApp.swift */ = {isa = PBXFileReference; lastKnownFileType = sourcecode.swift; path = HikeApp.swift; sourceTree = "<group>"; };
		6D7EA7402BB82B43004B5CAA /* ContentView.swift */ = {isa = PBXFileReference; lastKnownFileType = sourcecode.swift; path = ContentView.swift; sourceTree = "<group>"; };
		6D7EA7422BB82B45004B5CAA /* Assets.xcassets */ = {isa = PBXFileReference; lastKnownFileType = folder.assetcatalog; path = Assets.xcassets; sourceTree = "<group>"; };
		6D7EA7452BB82B45004B5CAA /* Preview Assets.xcassets */ = {isa = PBXFileReference; lastKnownFileType = folder.assetcatalog; path = "Preview Assets.xcassets"; sourceTree = "<group>"; };
		6D7EA74C2BB82EB4004B5CAA /* CardView.swift */ = {isa = PBXFileReference; lastKnownFileType = sourcecode.swift; path = CardView.swift; sourceTree = "<group>"; };
		6D7EA74F2BB830DB004B5CAA /* CustomBackgroundView.swift */ = {isa = PBXFileReference; lastKnownFileType = sourcecode.swift; path = CustomBackgroundView.swift; sourceTree = "<group>"; };
		6D7EA7542BB833F7004B5CAA /* ColorExtension.swift */ = {isa = PBXFileReference; lastKnownFileType = sourcecode.swift; path = ColorExtension.swift; sourceTree = "<group>"; };
		6D7EA7582BB84425004B5CAA /* CustomButtonView.swift */ = {isa = PBXFileReference; lastKnownFileType = sourcecode.swift; path = CustomButtonView.swift; sourceTree = "<group>"; };
		6D7EA75A2BB84C36004B5CAA /* GradientButtonStyle.swift */ = {isa = PBXFileReference; lastKnownFileType = sourcecode.swift; path = GradientButtonStyle.swift; sourceTree = "<group>"; };
		6D7EA75C2BB8663C004B5CAA /* CustomCircleView.swift */ = {isa = PBXFileReference; lastKnownFileType = sourcecode.swift; path = CustomCircleView.swift; sourceTree = "<group>"; };
		6D7EA75E2BB86A77004B5CAA /* MotionAnimationView.swift */ = {isa = PBXFileReference; lastKnownFileType = sourcecode.swift; path = MotionAnimationView.swift; sourceTree = "<group>"; };
		6D7EA7612BB8771D004B5CAA /* SettingsView.swift */ = {isa = PBXFileReference; lastKnownFileType = sourcecode.swift; path = SettingsView.swift; sourceTree = "<group>"; };
		6D7EA7632BB885D8004B5CAA /* CustomListRowView.swift */ = {isa = PBXFileReference; lastKnownFileType = sourcecode.swift; path = CustomListRowView.swift; sourceTree = "<group>"; };
/* End PBXFileReference section */

/* Begin PBXFrameworksBuildPhase section */
		6D7EA7382BB82B43004B5CAA /* Frameworks */ = {
			isa = PBXFrameworksBuildPhase;
			buildActionMask = 2147483647;
			files = (
			);
			runOnlyForDeploymentPostprocessing = 0;
		};
/* End PBXFrameworksBuildPhase section */

/* Begin PBXGroup section */
		6D7EA7322BB82B43004B5CAA = {
			isa = PBXGroup;
			children = (
				6D7EA73D2BB82B43004B5CAA /* Hike */,
				6D7EA73C2BB82B43004B5CAA /* Products */,
			);
			sourceTree = "<group>";
		};
		6D7EA73C2BB82B43004B5CAA /* Products */ = {
			isa = PBXGroup;
			children = (
				6D7EA73B2BB82B43004B5CAA /* Hike.app */,
			);
			name = Products;
			sourceTree = "<group>";
		};
		6D7EA73D2BB82B43004B5CAA /* Hike */ = {
			isa = PBXGroup;
			children = (
				6D7EA7512BB83384004B5CAA /* Utility */,
				6D7EA73E2BB82B43004B5CAA /* HikeApp.swift */,
				6D7EA7602BB87709004B5CAA /* Screen */,
				6D7EA7422BB82B45004B5CAA /* Assets.xcassets */,
				6D7EA7442BB82B45004B5CAA /* Preview Content */,
				6D7EA74E2BB830B4004B5CAA /* Component */,
			);
			path = Hike;
			sourceTree = "<group>";
		};
		6D7EA7442BB82B45004B5CAA /* Preview Content */ = {
			isa = PBXGroup;
			children = (
				6D7EA7452BB82B45004B5CAA /* Preview Assets.xcassets */,
			);
			path = "Preview Content";
			sourceTree = "<group>";
		};
		6D7EA74E2BB830B4004B5CAA /* Component */ = {
			isa = PBXGroup;
			children = (
				6D7EA74C2BB82EB4004B5CAA /* CardView.swift */,
				6D7EA74F2BB830DB004B5CAA /* CustomBackgroundView.swift */,
				6D7EA7582BB84425004B5CAA /* CustomButtonView.swift */,
				6D7EA75C2BB8663C004B5CAA /* CustomCircleView.swift */,
				6D7EA75E2BB86A77004B5CAA /* MotionAnimationView.swift */,
				6D7EA7632BB885D8004B5CAA /* CustomListRowView.swift */,
			);
			path = Component;
			sourceTree = "<group>";
		};
		6D7EA7512BB83384004B5CAA /* Utility */ = {
			isa = PBXGroup;
			children = (
				6D7EA7542BB833F7004B5CAA /* ColorExtension.swift */,
				6D7EA75A2BB84C36004B5CAA /* GradientButtonStyle.swift */,
			);
			path = Utility;
			sourceTree = "<group>";
		};
		6D7EA7602BB87709004B5CAA /* Screen */ = {
			isa = PBXGroup;
			children = (
				6D7EA7402BB82B43004B5CAA /* ContentView.swift */,
				6D7EA7612BB8771D004B5CAA /* SettingsView.swift */,
			);
			path = Screen;
			sourceTree = "<group>";
		};
/* End PBXGroup section */

/* Begin PBXNativeTarget section */
		6D7EA73A2BB82B43004B5CAA /* Hike */ = {
			isa = PBXNativeTarget;
			buildConfigurationList = 6D7EA7492BB82B45004B5CAA /* Build configuration list for PBXNativeTarget "Hike" */;
			buildPhases = (
				6D7EA7372BB82B43004B5CAA /* Sources */,
				6D7EA7382BB82B43004B5CAA /* Frameworks */,
				6D7EA7392BB82B43004B5CAA /* Resources */,
			);
			buildRules = (
			);
			dependencies = (
			);
			name = Hike;
			productName = Hike;
			productReference = 6D7EA73B2BB82B43004B5CAA /* Hike.app */;
			productType = "com.apple.product-type.application";
		};
/* End PBXNativeTarget section */

/* Begin PBXProject section */
		6D7EA7332BB82B43004B5CAA /* Project object */ = {
			isa = PBXProject;
			attributes = {
				BuildIndependentTargetsInParallel = 1;
				LastSwiftUpdateCheck = 1530;
				LastUpgradeCheck = 1530;
				TargetAttributes = {
					6D7EA73A2BB82B43004B5CAA = {
						CreatedOnToolsVersion = 15.3;
					};
				};
			};
			buildConfigurationList = 6D7EA7362BB82B43004B5CAA /* Build configuration list for PBXProject "Hike" */;
			compatibilityVersion = "Xcode 14.0";
			developmentRegion = en;
			hasScannedForEncodings = 0;
			knownRegions = (
				en,
				Base,
			);
			mainGroup = 6D7EA7322BB82B43004B5CAA;
			productRefGroup = 6D7EA73C2BB82B43004B5CAA /* Products */;
			projectDirPath = "";
			projectRoot = "";
			targets = (
				6D7EA73A2BB82B43004B5CAA /* Hike */,
			);
		};
/* End PBXProject section */

/* Begin PBXResourcesBuildPhase section */
		6D7EA7392BB82B43004B5CAA /* Resources */ = {
			isa = PBXResourcesBuildPhase;
			buildActionMask = 2147483647;
			files = (
				6D7EA7462BB82B45004B5CAA /* Preview Assets.xcassets in Resources */,
				6D7EA7432BB82B45004B5CAA /* Assets.xcassets in Resources */,
			);
			runOnlyForDeploymentPostprocessing = 0;
		};
/* End PBXResourcesBuildPhase section */

/* Begin PBXSourcesBuildPhase section */
		6D7EA7372BB82B43004B5CAA /* Sources */ = {
			isa = PBXSourcesBuildPhase;
			buildActionMask = 2147483647;
			files = (
				6D7EA7412BB82B43004B5CAA /* ContentView.swift in Sources */,
				6D7EA75D2BB8663C004B5CAA /* CustomCircleView.swift in Sources */,
				6D7EA7642BB885D8004B5CAA /* CustomListRowView.swift in Sources */,
				6D7EA74D2BB82EB4004B5CAA /* CardView.swift in Sources */,
				6D7EA73F2BB82B43004B5CAA /* HikeApp.swift in Sources */,
				6D7EA7592BB84425004B5CAA /* CustomButtonView.swift in Sources */,
				6D7EA7622BB8771D004B5CAA /* SettingsView.swift in Sources */,
				6D7EA75B2BB84C36004B5CAA /* GradientButtonStyle.swift in Sources */,
				6D7EA75F2BB86A77004B5CAA /* MotionAnimationView.swift in Sources */,
				6D7EA7502BB830DB004B5CAA /* CustomBackgroundView.swift in Sources */,
				6D7EA7552BB833F7004B5CAA /* ColorExtension.swift in Sources */,
			);
			runOnlyForDeploymentPostprocessing = 0;
		};
/* End PBXSourcesBuildPhase section */

/* Begin XCBuildConfiguration section */
		6D7EA7472BB82B45004B5CAA /* Debug */ = {
			isa = XCBuildConfiguration;
			buildSettings = {
				ALWAYS_SEARCH_USER_PATHS = NO;
				ASSETCATALOG_COMPILER_GENERATE_SWIFT_ASSET_SYMBOL_EXTENSIONS = YES;
				CLANG_ANALYZER_NONNULL = YES;
				CLANG_ANALYZER_NUMBER_OBJECT_CONVERSION = YES_AGGRESSIVE;
				CLANG_CXX_LANGUAGE_STANDARD = "gnu++20";
				CLANG_ENABLE_MODULES = YES;
				CLANG_ENABLE_OBJC_ARC = YES;
				CLANG_ENABLE_OBJC_WEAK = YES;
				CLANG_WARN_BLOCK_CAPTURE_AUTORELEASING = YES;
				CLANG_WARN_BOOL_CONVERSION = YES;
				CLANG_WARN_COMMA = YES;
				CLANG_WARN_CONSTANT_CONVERSION = YES;
				CLANG_WARN_DEPRECATED_OBJC_IMPLEMENTATIONS = YES;
				CLANG_WARN_DIRECT_OBJC_ISA_USAGE = YES_ERROR;
				CLANG_WARN_DOCUMENTATION_COMMENTS = YES;
				CLANG_WARN_EMPTY_BODY = YES;
				CLANG_WARN_ENUM_CONVERSION = YES;
				CLANG_WARN_INFINITE_RECURSION = YES;
				CLANG_WARN_INT_CONVERSION = YES;
				CLANG_WARN_NON_LITERAL_NULL_CONVERSION = YES;
				CLANG_WARN_OBJC_IMPLICIT_RETAIN_SELF = YES;
				CLANG_WARN_OBJC_LITERAL_CONVERSION = YES;
				CLANG_WARN_OBJC_ROOT_CLASS = YES_ERROR;
				CLANG_WARN_QUOTED_INCLUDE_IN_FRAMEWORK_HEADER = YES;
				CLANG_WARN_RANGE_LOOP_ANALYSIS = YES;
				CLANG_WARN_STRICT_PROTOTYPES = YES;
				CLANG_WARN_SUSPICIOUS_MOVE = YES;
				CLANG_WARN_UNGUARDED_AVAILABILITY = YES_AGGRESSIVE;
				CLANG_WARN_UNREACHABLE_CODE = YES;
				CLANG_WARN__DUPLICATE_METHOD_MATCH = YES;
				COPY_PHASE_STRIP = NO;
				DEBUG_INFORMATION_FORMAT = dwarf;
				ENABLE_STRICT_OBJC_MSGSEND = YES;
				ENABLE_TESTABILITY = YES;
				ENABLE_USER_SCRIPT_SANDBOXING = YES;
				GCC_C_LANGUAGE_STANDARD = gnu17;
				GCC_DYNAMIC_NO_PIC = NO;
				GCC_NO_COMMON_BLOCKS = YES;
				GCC_OPTIMIZATION_LEVEL = 0;
				GCC_PREPROCESSOR_DEFINITIONS = (
					"DEBUG=1",
					"$(inherited)",
				);
				GCC_WARN_64_TO_32_BIT_CONVERSION = YES;
				GCC_WARN_ABOUT_RETURN_TYPE = YES_ERROR;
				GCC_WARN_UNDECLARED_SELECTOR = YES;
				GCC_WARN_UNINITIALIZED_AUTOS = YES_AGGRESSIVE;
				GCC_WARN_UNUSED_FUNCTION = YES;
				GCC_WARN_UNUSED_VARIABLE = YES;
				IPHONEOS_DEPLOYMENT_TARGET = 17.4;
				LOCALIZATION_PREFERS_STRING_CATALOGS = YES;
				MTL_ENABLE_DEBUG_INFO = INCLUDE_SOURCE;
				MTL_FAST_MATH = YES;
				ONLY_ACTIVE_ARCH = YES;
				SDKROOT = iphoneos;
				SWIFT_ACTIVE_COMPILATION_CONDITIONS = "DEBUG $(inherited)";
				SWIFT_OPTIMIZATION_LEVEL = "-Onone";
			};
			name = Debug;
		};
		6D7EA7482BB82B45004B5CAA /* Release */ = {
			isa = XCBuildConfiguration;
			buildSettings = {
				ALWAYS_SEARCH_USER_PATHS = NO;
				ASSETCATALOG_COMPILER_GENERATE_SWIFT_ASSET_SYMBOL_EXTENSIONS = YES;
				CLANG_ANALYZER_NONNULL = YES;
				CLANG_ANALYZER_NUMBER_OBJECT_CONVERSION = YES_AGGRESSIVE;
				CLANG_CXX_LANGUAGE_STANDARD = "gnu++20";
				CLANG_ENABLE_MODULES = YES;
				CLANG_ENABLE_OBJC_ARC = YES;
				CLANG_ENABLE_OBJC_WEAK = YES;
				CLANG_WARN_BLOCK_CAPTURE_AUTORELEASING = YES;
				CLANG_WARN_BOOL_CONVERSION = YES;
				CLANG_WARN_COMMA = YES;
				CLANG_WARN_CONSTANT_CONVERSION = YES;
				CLANG_WARN_DEPRECATED_OBJC_IMPLEMENTATIONS = YES;
				CLANG_WARN_DIRECT_OBJC_ISA_USAGE = YES_ERROR;
				CLANG_WARN_DOCUMENTATION_COMMENTS = YES;
				CLANG_WARN_EMPTY_BODY = YES;
				CLANG_WARN_ENUM_CONVERSION = YES;
				CLANG_WARN_INFINITE_RECURSION = YES;
				CLANG_WARN_INT_CONVERSION = YES;
				CLANG_WARN_NON_LITERAL_NULL_CONVERSION = YES;
				CLANG_WARN_OBJC_IMPLICIT_RETAIN_SELF = YES;
				CLANG_WARN_OBJC_LITERAL_CONVERSION = YES;
				CLANG_WARN_OBJC_ROOT_CLASS = YES_ERROR;
				CLANG_WARN_QUOTED_INCLUDE_IN_FRAMEWORK_HEADER = YES;
				CLANG_WARN_RANGE_LOOP_ANALYSIS = YES;
				CLANG_WARN_STRICT_PROTOTYPES = YES;
				CLANG_WARN_SUSPICIOUS_MOVE = YES;
				CLANG_WARN_UNGUARDED_AVAILABILITY = YES_AGGRESSIVE;
				CLANG_WARN_UNREACHABLE_CODE = YES;
				CLANG_WARN__DUPLICATE_METHOD_MATCH = YES;
				COPY_PHASE_STRIP = NO;
				DEBUG_INFORMATION_FORMAT = "dwarf-with-dsym";
				ENABLE_NS_ASSERTIONS = NO;
				ENABLE_STRICT_OBJC_MSGSEND = YES;
				ENABLE_USER_SCRIPT_SANDBOXING = YES;
				GCC_C_LANGUAGE_STANDARD = gnu17;
				GCC_NO_COMMON_BLOCKS = YES;
				GCC_WARN_64_TO_32_BIT_CONVERSION = YES;
				GCC_WARN_ABOUT_RETURN_TYPE = YES_ERROR;
				GCC_WARN_UNDECLARED_SELECTOR = YES;
				GCC_WARN_UNINITIALIZED_AUTOS = YES_AGGRESSIVE;
				GCC_WARN_UNUSED_FUNCTION = YES;
				GCC_WARN_UNUSED_VARIABLE = YES;
				IPHONEOS_DEPLOYMENT_TARGET = 17.4;
				LOCALIZATION_PREFERS_STRING_CATALOGS = YES;
				MTL_ENABLE_DEBUG_INFO = NO;
				MTL_FAST_MATH = YES;
				SDKROOT = iphoneos;
				SWIFT_COMPILATION_MODE = wholemodule;
				VALIDATE_PRODUCT = YES;
			};
			name = Release;
		};
		6D7EA74A2BB82B45004B5CAA /* Debug */ = {
			isa = XCBuildConfiguration;
			buildSettings = {
				ASSETCATALOG_COMPILER_ALTERNATE_APPICON_NAMES = "AppIcon-MagnifyingGlass AppIcon-Mushroom AppIcon-Map AppIcon-Campfire AppIcon-BagPack AppIcon-Camera";
				ASSETCATALOG_COMPILER_APPICON_NAME = AppIcon;
				ASSETCATALOG_COMPILER_GLOBAL_ACCENT_COLOR_NAME = AccentColor;
				ASSETCATALOG_COMPILER_INCLUDE_ALL_APPICON_ASSETS = YES;
				CODE_SIGN_STYLE = Automatic;
				CURRENT_PROJECT_VERSION = 1;
				DEVELOPMENT_ASSET_PATHS = "\"Hike/Preview Content\"";
				ENABLE_PREVIEWS = YES;
				GENERATE_INFOPLIST_FILE = YES;
				INFOPLIST_KEY_UIApplicationSceneManifest_Generation = YES;
				INFOPLIST_KEY_UIApplicationSupportsIndirectInputEvents = YES;
				INFOPLIST_KEY_UILaunchScreen_Generation = YES;
				INFOPLIST_KEY_UISupportedInterfaceOrientations_iPad = "UIInterfaceOrientationPortrait UIInterfaceOrientationPortraitUpsideDown UIInterfaceOrientationLandscapeLeft UIInterfaceOrientationLandscapeRight";
				INFOPLIST_KEY_UISupportedInterfaceOrientations_iPhone = "UIInterfaceOrientationPortrait UIInterfaceOrientationLandscapeLeft UIInterfaceOrientationLandscapeRight";
				LD_RUNPATH_SEARCH_PATHS = (
					"$(inherited)",
					"@executable_path/Frameworks",
				);
				MARKETING_VERSION = 1.0;
				PRODUCT_BUNDLE_IDENTIFIER = com.mobinahmed.Hike;
				PRODUCT_NAME = "$(TARGET_NAME)";
				SWIFT_EMIT_LOC_STRINGS = YES;
				SWIFT_VERSION = 5.0;
				TARGETED_DEVICE_FAMILY = "1,2";
			};
			name = Debug;
		};
		6D7EA74B2BB82B45004B5CAA /* Release */ = {
			isa = XCBuildConfiguration;
			buildSettings = {
				ASSETCATALOG_COMPILER_ALTERNATE_APPICON_NAMES = "AppIcon-MagnifyingGlass AppIcon-Mushroom AppIcon-Map AppIcon-Campfire AppIcon-BagPack AppIcon-Camera";
				ASSETCATALOG_COMPILER_APPICON_NAME = AppIcon;
				ASSETCATALOG_COMPILER_GLOBAL_ACCENT_COLOR_NAME = AccentColor;
				ASSETCATALOG_COMPILER_INCLUDE_ALL_APPICON_ASSETS = YES;
				CODE_SIGN_STYLE = Automatic;
				CURRENT_PROJECT_VERSION = 1;
				DEVELOPMENT_ASSET_PATHS = "\"Hike/Preview Content\"";
				ENABLE_PREVIEWS = YES;
				GENERATE_INFOPLIST_FILE = YES;
				INFOPLIST_KEY_UIApplicationSceneManifest_Generation = YES;
				INFOPLIST_KEY_UIApplicationSupportsIndirectInputEvents = YES;
				INFOPLIST_KEY_UILaunchScreen_Generation = YES;
				INFOPLIST_KEY_UISupportedInterfaceOrientations_iPad = "UIInterfaceOrientationPortrait UIInterfaceOrientationPortraitUpsideDown UIInterfaceOrientationLandscapeLeft UIInterfaceOrientationLandscapeRight";
				INFOPLIST_KEY_UISupportedInterfaceOrientations_iPhone = "UIInterfaceOrientationPortrait UIInterfaceOrientationLandscapeLeft UIInterfaceOrientationLandscapeRight";
				LD_RUNPATH_SEARCH_PATHS = (
					"$(inherited)",
					"@executable_path/Frameworks",
				);
				MARKETING_VERSION = 1.0;
				PRODUCT_BUNDLE_IDENTIFIER = com.mobinahmed.Hike;
				PRODUCT_NAME = "$(TARGET_NAME)";
				SWIFT_EMIT_LOC_STRINGS = YES;
				SWIFT_VERSION = 5.0;
				TARGETED_DEVICE_FAMILY = "1,2";
			};
			name = Release;
		};
/* End XCBuildConfiguration section */

/* Begin XCConfigurationList section */
		6D7EA7362BB82B43004B5CAA /* Build configuration list for PBXProject "Hike" */ = {
			isa = XCConfigurationList;
			buildConfigurations = (
				6D7EA7472BB82B45004B5CAA /* Debug */,
				6D7EA7482BB82B45004B5CAA /* Release */,
			);
			defaultConfigurationIsVisible = 0;
			defaultConfigurationName = Release;
		};
		6D7EA7492BB82B45004B5CAA /* Build configuration list for PBXNativeTarget "Hike" */ = {
			isa = XCConfigurationList;
			buildConfigurations = (
				6D7EA74A2BB82B45004B5CAA /* Debug */,
				6D7EA74B2BB82B45004B5CAA /* Release */,
			);
			defaultConfigurationIsVisible = 0;
			defaultConfigurationName = Release;
		};
/* End XCConfigurationList section */
	};
	rootObject = 6D7EA7332BB82B43004B5CAA /* Project object */;
}
